{
  "version": "4",
  "specifiers": {
    "npm:typescript@~5.6.2": "5.6.3",
    "npm:vite@^5.4.10": "5.4.14"
  },
  "npm": {
    "@esbuild/aix-ppc64@0.21.5": {
      "integrity": "sha512-1SDgH6ZSPTlggy1yI6+Dbkiz8xzpHJEVAlF/AM1tHPLsf5STom9rwtjE4hKAF20FfXXNTFqEYXyJNWh1GiZedQ=="
    },
    "@esbuild/android-arm64@0.21.5": {
      "integrity": "sha512-c0uX9VAUBQ7dTDCjq+wdyGLowMdtR/GoC2U5IYk/7D1H1JYC0qseD7+11iMP2mRLN9RcCMRcjC4YMclCzGwS/A=="
    },
    "@esbuild/android-arm@0.21.5": {
      "integrity": "sha512-vCPvzSjpPHEi1siZdlvAlsPxXl7WbOVUBBAowWug4rJHb68Ox8KualB+1ocNvT5fjv6wpkX6o/iEpbDrf68zcg=="
    },
    "@esbuild/android-x64@0.21.5": {
      "integrity": "sha512-D7aPRUUNHRBwHxzxRvp856rjUHRFW1SdQATKXH2hqA0kAZb1hKmi02OpYRacl0TxIGz/ZmXWlbZgjwWYaCakTA=="
    },
    "@esbuild/darwin-arm64@0.21.5": {
      "integrity": "sha512-DwqXqZyuk5AiWWf3UfLiRDJ5EDd49zg6O9wclZ7kUMv2WRFr4HKjXp/5t8JZ11QbQfUS6/cRCKGwYhtNAY88kQ=="
    },
    "@esbuild/darwin-x64@0.21.5": {
      "integrity": "sha512-se/JjF8NlmKVG4kNIuyWMV/22ZaerB+qaSi5MdrXtd6R08kvs2qCN4C09miupktDitvh8jRFflwGFBQcxZRjbw=="
    },
    "@esbuild/freebsd-arm64@0.21.5": {
      "integrity": "sha512-5JcRxxRDUJLX8JXp/wcBCy3pENnCgBR9bN6JsY4OmhfUtIHe3ZW0mawA7+RDAcMLrMIZaf03NlQiX9DGyB8h4g=="
    },
    "@esbuild/freebsd-x64@0.21.5": {
      "integrity": "sha512-J95kNBj1zkbMXtHVH29bBriQygMXqoVQOQYA+ISs0/2l3T9/kj42ow2mpqerRBxDJnmkUDCaQT/dfNXWX/ZZCQ=="
    },
    "@esbuild/linux-arm64@0.21.5": {
      "integrity": "sha512-ibKvmyYzKsBeX8d8I7MH/TMfWDXBF3db4qM6sy+7re0YXya+K1cem3on9XgdT2EQGMu4hQyZhan7TeQ8XkGp4Q=="
    },
    "@esbuild/linux-arm@0.21.5": {
      "integrity": "sha512-bPb5AHZtbeNGjCKVZ9UGqGwo8EUu4cLq68E95A53KlxAPRmUyYv2D6F0uUI65XisGOL1hBP5mTronbgo+0bFcA=="
    },
    "@esbuild/linux-ia32@0.21.5": {
      "integrity": "sha512-YvjXDqLRqPDl2dvRODYmmhz4rPeVKYvppfGYKSNGdyZkA01046pLWyRKKI3ax8fbJoK5QbxblURkwK/MWY18Tg=="
    },
    "@esbuild/linux-loong64@0.21.5": {
      "integrity": "sha512-uHf1BmMG8qEvzdrzAqg2SIG/02+4/DHB6a9Kbya0XDvwDEKCoC8ZRWI5JJvNdUjtciBGFQ5PuBlpEOXQj+JQSg=="
    },
    "@esbuild/linux-mips64el@0.21.5": {
      "integrity": "sha512-IajOmO+KJK23bj52dFSNCMsz1QP1DqM6cwLUv3W1QwyxkyIWecfafnI555fvSGqEKwjMXVLokcV5ygHW5b3Jbg=="
    },
    "@esbuild/linux-ppc64@0.21.5": {
      "integrity": "sha512-1hHV/Z4OEfMwpLO8rp7CvlhBDnjsC3CttJXIhBi+5Aj5r+MBvy4egg7wCbe//hSsT+RvDAG7s81tAvpL2XAE4w=="
    },
    "@esbuild/linux-riscv64@0.21.5": {
      "integrity": "sha512-2HdXDMd9GMgTGrPWnJzP2ALSokE/0O5HhTUvWIbD3YdjME8JwvSCnNGBnTThKGEB91OZhzrJ4qIIxk/SBmyDDA=="
    },
    "@esbuild/linux-s390x@0.21.5": {
      "integrity": "sha512-zus5sxzqBJD3eXxwvjN1yQkRepANgxE9lgOW2qLnmr8ikMTphkjgXu1HR01K4FJg8h1kEEDAqDcZQtbrRnB41A=="
    },
    "@esbuild/linux-x64@0.21.5": {
      "integrity": "sha512-1rYdTpyv03iycF1+BhzrzQJCdOuAOtaqHTWJZCWvijKD2N5Xu0TtVC8/+1faWqcP9iBCWOmjmhoH94dH82BxPQ=="
    },
    "@esbuild/netbsd-x64@0.21.5": {
      "integrity": "sha512-Woi2MXzXjMULccIwMnLciyZH4nCIMpWQAs049KEeMvOcNADVxo0UBIQPfSmxB3CWKedngg7sWZdLvLczpe0tLg=="
    },
    "@esbuild/openbsd-x64@0.21.5": {
      "integrity": "sha512-HLNNw99xsvx12lFBUwoT8EVCsSvRNDVxNpjZ7bPn947b8gJPzeHWyNVhFsaerc0n3TsbOINvRP2byTZ5LKezow=="
    },
    "@esbuild/sunos-x64@0.21.5": {
      "integrity": "sha512-6+gjmFpfy0BHU5Tpptkuh8+uw3mnrvgs+dSPQXQOv3ekbordwnzTVEb4qnIvQcYXq6gzkyTnoZ9dZG+D4garKg=="
    },
    "@esbuild/win32-arm64@0.21.5": {
      "integrity": "sha512-Z0gOTd75VvXqyq7nsl93zwahcTROgqvuAcYDUr+vOv8uHhNSKROyU961kgtCD1e95IqPKSQKH7tBTslnS3tA8A=="
    },
    "@esbuild/win32-ia32@0.21.5": {
      "integrity": "sha512-SWXFF1CL2RVNMaVs+BBClwtfZSvDgtL//G/smwAc5oVK/UPu2Gu9tIaRgFmYFFKrmg3SyAjSrElf0TiJ1v8fYA=="
    },
    "@esbuild/win32-x64@0.21.5": {
      "integrity": "sha512-tQd/1efJuzPC6rCFwEvLtci/xNFcTZknmXs98FYDfGE4wP9ClFV98nyKrzJKVPMhdDnjzLhdUyMX4PsQAPjwIw=="
    },
    "@rollup/rollup-android-arm-eabi@4.34.7": {
      "integrity": "sha512-l6CtzHYo8D2TQ3J7qJNpp3Q1Iye56ssIAtqbM2H8axxCEEwvN7o8Ze9PuIapbxFL3OHrJU2JBX6FIIVnP/rYyw=="
    },
    "@rollup/rollup-android-arm64@4.34.7": {
      "integrity": "sha512-KvyJpFUueUnSp53zhAa293QBYqwm94TgYTIfXyOTtidhm5V0LbLCJQRGkQClYiX3FXDQGSvPxOTD/6rPStMMDg=="
    },
    "@rollup/rollup-darwin-arm64@4.34.7": {
      "integrity": "sha512-jq87CjmgL9YIKvs8ybtIC98s/M3HdbqXhllcy9EdLV0yMg1DpxES2gr65nNy7ObNo/vZ/MrOTxt0bE5LinL6mA=="
    },
    "@rollup/rollup-darwin-x64@4.34.7": {
      "integrity": "sha512-rSI/m8OxBjsdnMMg0WEetu/w+LhLAcCDEiL66lmMX4R3oaml3eXz3Dxfvrxs1FbzPbJMaItQiksyMfv1hoIxnA=="
    },
    "@rollup/rollup-freebsd-arm64@4.34.7": {
      "integrity": "sha512-oIoJRy3ZrdsXpFuWDtzsOOa/E/RbRWXVokpVrNnkS7npz8GEG++E1gYbzhYxhxHbO2om1T26BZjVmdIoyN2WtA=="
    },
    "@rollup/rollup-freebsd-x64@4.34.7": {
      "integrity": "sha512-X++QSLm4NZfZ3VXGVwyHdRf58IBbCu9ammgJxuWZYLX0du6kZvdNqPwrjvDfwmi6wFdvfZ/s6K7ia0E5kI7m8Q=="
    },
    "@rollup/rollup-linux-arm-gnueabihf@4.34.7": {
      "integrity": "sha512-Z0TzhrsNqukTz3ISzrvyshQpFnFRfLunYiXxlCRvcrb3nvC5rVKI+ZXPFG/Aa4jhQa1gHgH3A0exHaRRN4VmdQ=="
    },
    "@rollup/rollup-linux-arm-musleabihf@4.34.7": {
      "integrity": "sha512-nkznpyXekFAbvFBKBy4nNppSgneB1wwG1yx/hujN3wRnhnkrYVugMTCBXED4+Ni6thoWfQuHNYbFjgGH0MBXtw=="
    },
    "@rollup/rollup-linux-arm64-gnu@4.34.7": {
      "integrity": "sha512-KCjlUkcKs6PjOcxolqrXglBDcfCuUCTVlX5BgzgoJHw+1rWH1MCkETLkLe5iLLS9dP5gKC7mp3y6x8c1oGBUtA=="
    },
    "@rollup/rollup-linux-arm64-musl@4.34.7": {
      "integrity": "sha512-uFLJFz6+utmpbR313TTx+NpPuAXbPz4BhTQzgaP0tozlLnGnQ6rCo6tLwaSa6b7l6gRErjLicXQ1iPiXzYotjw=="
    },
    "@rollup/rollup-linux-loongarch64-gnu@4.34.7": {
      "integrity": "sha512-ws8pc68UcJJqCpneDFepnwlsMUFoWvPbWXT/XUrJ7rWUL9vLoIN3GAasgG+nCvq8xrE3pIrd+qLX/jotcLy0Qw=="
    },
    "@rollup/rollup-linux-powerpc64le-gnu@4.34.7": {
      "integrity": "sha512-vrDk9JDa/BFkxcS2PbWpr0C/LiiSLxFbNOBgfbW6P8TBe9PPHx9Wqbvx2xgNi1TOAyQHQJ7RZFqBiEohm79r0w=="
    },
    "@rollup/rollup-linux-riscv64-gnu@4.34.7": {
      "integrity": "sha512-rB+ejFyjtmSo+g/a4eovDD1lHWHVqizN8P0Hm0RElkINpS0XOdpaXloqM4FBkF9ZWEzg6bezymbpLmeMldfLTw=="
    },
    "@rollup/rollup-linux-s390x-gnu@4.34.7": {
      "integrity": "sha512-nNXNjo4As6dNqRn7OrsnHzwTgtypfRA3u3AKr0B3sOOo+HkedIbn8ZtFnB+4XyKJojIfqDKmbIzO1QydQ8c+Pw=="
    },
    "@rollup/rollup-linux-x64-gnu@4.34.7": {
      "integrity": "sha512-9kPVf9ahnpOMSGlCxXGv980wXD0zRR3wyk8+33/MXQIpQEOpaNe7dEHm5LMfyRZRNt9lMEQuH0jUKj15MkM7QA=="
    },
    "@rollup/rollup-linux-x64-musl@4.34.7": {
      "integrity": "sha512-7wJPXRWTTPtTFDFezA8sle/1sdgxDjuMoRXEKtx97ViRxGGkVQYovem+Q8Pr/2HxiHp74SSRG+o6R0Yq0shPwQ=="
    },
    "@rollup/rollup-win32-arm64-msvc@4.34.7": {
      "integrity": "sha512-MN7aaBC7mAjsiMEZcsJvwNsQVNZShgES/9SzWp1HC9Yjqb5OpexYnRjF7RmE4itbeesHMYYQiAtUAQaSKs2Rfw=="
    },
    "@rollup/rollup-win32-ia32-msvc@4.34.7": {
      "integrity": "sha512-aeawEKYswsFu1LhDM9RIgToobquzdtSc4jSVqHV8uApz4FVvhFl/mKh92wc8WpFc6aYCothV/03UjY6y7yLgbg=="
    },
    "@rollup/rollup-win32-x64-msvc@4.34.7": {
      "integrity": "sha512-4ZedScpxxIrVO7otcZ8kCX1mZArtH2Wfj3uFCxRJ9NO80gg1XV0U/b2f/MKaGwj2X3QopHfoWiDQ917FRpwY3w=="
    },
    "@types/estree@1.0.6": {
      "integrity": "sha512-AYnb1nQyY49te+VRAVgmzfcgjYS91mY5P0TKUDCLEM+gNnA+3T6rWITXRLYCpahpqSQbN5cE+gHpnPyXjHWxcw=="
    },
    "esbuild@0.21.5": {
      "integrity": "sha512-mg3OPMV4hXywwpoDxu3Qda5xCKQi+vCTZq8S9J/EpkhB2HzKXq4SNFZE3+NK93JYxc8VMSep+lOUSC/RVKaBqw==",
      "dependencies": [
        "@esbuild/aix-ppc64",
        "@esbuild/android-arm",
        "@esbuild/android-arm64",
        "@esbuild/android-x64",
        "@esbuild/darwin-arm64",
        "@esbuild/darwin-x64",
        "@esbuild/freebsd-arm64",
        "@esbuild/freebsd-x64",
        "@esbuild/linux-arm",
        "@esbuild/linux-arm64",
        "@esbuild/linux-ia32",
        "@esbuild/linux-loong64",
        "@esbuild/linux-mips64el",
        "@esbuild/linux-ppc64",
        "@esbuild/linux-riscv64",
        "@esbuild/linux-s390x",
        "@esbuild/linux-x64",
        "@esbuild/netbsd-x64",
        "@esbuild/openbsd-x64",
        "@esbuild/sunos-x64",
        "@esbuild/win32-arm64",
        "@esbuild/win32-ia32",
        "@esbuild/win32-x64"
      ]
    },
    "fsevents@2.3.3": {
      "integrity": "sha512-5xoDfX+fL7faATnagmWPpbFtwh/R77WmMMqqHGS65C3vvB0YHrgF+B1YmZ3441tMj5n63k0212XNoJwzlhffQw=="
    },
    "nanoid@3.3.8": {
      "integrity": "sha512-WNLf5Sd8oZxOm+TzppcYk8gVOgP+l58xNy58D0nbUnOxOWRWvlcCV4kUF7ltmI6PsrLl/BgKEyS4mqsGChFN0w=="
    },
    "picocolors@1.1.1": {
      "integrity": "sha512-xceH2snhtb5M9liqDsmEw56le376mTZkEX/jEb/RxNFyegNul7eNslCXP9FDj/Lcu0X8KEyMceP2ntpaHrDEVA=="
    },
    "postcss@8.5.2": {
      "integrity": "sha512-MjOadfU3Ys9KYoX0AdkBlFEF1Vx37uCCeN4ZHnmwm9FfpbsGWMZeBLMmmpY+6Ocqod7mkdZ0DT31OlbsFrLlkA==",
      "dependencies": [
        "nanoid",
        "picocolors",
        "source-map-js"
      ]
    },
    "rollup@4.34.7": {
      "integrity": "sha512-8qhyN0oZ4x0H6wmBgfKxJtxM7qS98YJ0k0kNh5ECVtuchIJ7z9IVVvzpmtQyT10PXKMtBxYr1wQ5Apg8RS8kXQ==",
      "dependencies": [
        "@rollup/rollup-android-arm-eabi",
        "@rollup/rollup-android-arm64",
        "@rollup/rollup-darwin-arm64",
        "@rollup/rollup-darwin-x64",
        "@rollup/rollup-freebsd-arm64",
        "@rollup/rollup-freebsd-x64",
        "@rollup/rollup-linux-arm-gnueabihf",
        "@rollup/rollup-linux-arm-musleabihf",
        "@rollup/rollup-linux-arm64-gnu",
        "@rollup/rollup-linux-arm64-musl",
        "@rollup/rollup-linux-loongarch64-gnu",
        "@rollup/rollup-linux-powerpc64le-gnu",
        "@rollup/rollup-linux-riscv64-gnu",
        "@rollup/rollup-linux-s390x-gnu",
        "@rollup/rollup-linux-x64-gnu",
        "@rollup/rollup-linux-x64-musl",
        "@rollup/rollup-win32-arm64-msvc",
        "@rollup/rollup-win32-ia32-msvc",
        "@rollup/rollup-win32-x64-msvc",
        "@types/estree",
        "fsevents"
      ]
    },
    "source-map-js@1.2.1": {
      "integrity": "sha512-UXWMKhLOwVKb728IUtQPXxfYU+usdybtUrK/8uGE8CQMvrhOpwvzDBwj0QhSL7MQc7vIsISBG8VQ8+IDQxpfQA=="
    },
    "typescript@5.6.3": {
      "integrity": "sha512-hjcS1mhfuyi4WW8IWtjP7brDrG2cuDZukyrYrSauoXGNgx0S7zceP07adYkJycEr56BOUTNPzbInooiN3fn1qw=="
    },
    "vite@5.4.14": {
      "integrity": "sha512-EK5cY7Q1D8JNhSaPKVK4pwBFvaTmZxEnoKXLG/U9gmdDcihQGNzFlgIvaxezFR4glP1LsuiedwMBqCXH3wZccA==",
      "dependencies": [
        "esbuild",
        "fsevents",
        "postcss",
        "rollup"
      ]
    }
  },
  "workspace": {
    "packageJson": {
      "dependencies": [
        "npm:typescript@~5.6.2",
        "npm:vite@^5.4.10"
      ]
    }
  }
}
